
Microsoft Visual Studio Solution File, Format Version 12.00
# Visual Studio 15
VisualStudioVersion = 15.0.28307.489
MinimumVisualStudioVersion = 10.0.40219.1
Project("{FAE04EC0-301F-11D3-BF4B-00C04F79EFBC}") = "Logic", "Weapons\Logic.csproj", "{5341FADA-46FC-4B26-B30C-1E313B8D384C}"
EndProject
Project("{FAE04EC0-301F-11D3-BF4B-00C04F79EFBC}") = "InterfaceConsole", "Interface\InterfaceConsole.csproj", "{76724116-6555-4559-A907-D771FFF01609}"
	ProjectSection(ProjectDependencies) = postProject
		{5341FADA-46FC-4B26-B30C-1E313B8D384C} = {5341FADA-46FC-4B26-B30C-1E313B8D384C}
	EndProjectSection
EndProject
Project("{FAE04EC0-301F-11D3-BF4B-00C04F79EFBC}") = "Application", "ConsoleApp\Application.csproj", "{556F6C53-EFA4-4F0C-A021-B54E5E63B1BC}"
EndProject
Global
	GlobalSection(SolutionConfigurationPlatforms) = preSolution
		Debug|Any CPU = Debug|Any CPU
		Release|Any CPU = Release|Any CPU
	EndGlobalSection
	GlobalSection(ProjectConfigurationPlatforms) = postSolution
		{5341FADA-46FC-4B26-B30C-1E313B8D384C}.Debug|Any CPU.ActiveCfg = Debug|Any CPU
		{5341FADA-46FC-4B26-B30C-1E313B8D384C}.Debug|Any CPU.Build.0 = Debug|Any CPU
		{5341FADA-46FC-4B26-B30C-1E313B8D384C}.Release|Any CPU.ActiveCfg = Release|Any CPU
		{5341FADA-46FC-4B26-B30C-1E313B8D384C}.Release|Any CPU.Build.0 = Release|Any CPU
		{76724116-6555-4559-A907-D771FFF01609}.Debug|Any CPU.ActiveCfg = Debug|Any CPU
		{76724116-6555-4559-A907-D771FFF01609}.Debug|Any CPU.Build.0 = Debug|Any CPU
		{76724116-6555-4559-A907-D771FFF01609}.Release|Any CPU.ActiveCfg = Release|Any CPU
		{76724116-6555-4559-A907-D771FFF01609}.Release|Any CPU.Build.0 = Release|Any CPU
		{556F6C53-EFA4-4F0C-A021-B54E5E63B1BC}.Debug|Any CPU.ActiveCfg = Debug|Any CPU
		{556F6C53-EFA4-4F0C-A021-B54E5E63B1BC}.Debug|Any CPU.Build.0 = Debug|Any CPU
		{556F6C53-EFA4-4F0C-A021-B54E5E63B1BC}.Release|Any CPU.ActiveCfg = Release|Any CPU
		{556F6C53-EFA4-4F0C-A021-B54E5E63B1BC}.Release|Any CPU.Build.0 = Release|Any CPU
	EndGlobalSection
	GlobalSection(SolutionProperties) = preSolution
		HideSolutionNode = FALSE
	EndGlobalSection
	GlobalSection(ExtensibilityGlobals) = postSolution
		SolutionGuid = {E09507F7-81EF-48C4-A92F-E48B32E16C92}
	EndGlobalSection
EndGlobal
